
Microsoft Visual Studio Solution File, Format Version 12.00
# Visual Studio 2012
Project("{D954291E-2A0B-460D-934E-DC6B0785DB48}") = "ArcGISRuntimeSamples03", "ArcGISRuntimeSamples03\ArcGISRuntimeSamples03.shproj", "{4D24563C-FD45-4629-827A-AE7CCAEE62A0}"
EndProject
Project("{FAE04EC0-301F-11D3-BF4B-00C04F79EFBC}") = "ArcGISRuntimeSamples03.iOS", "iOS\ArcGISRuntimeSamples03.iOS.csproj", "{2BB88743-2D86-4B8E-BABE-51946BA625E6}"
EndProject
Project("{FAE04EC0-301F-11D3-BF4B-00C04F79EFBC}") = "ArcGISRuntimeSamples03.Droid", "Droid\ArcGISRuntimeSamples03.Droid.csproj", "{1FE017EF-2FC0-4C6A-9989-DFA1D8FA0CFC}"
EndProject
Global
	GlobalSection(SolutionConfigurationPlatforms) = preSolution
		Debug|iPhoneSimulator = Debug|iPhoneSimulator
		Release|iPhone = Release|iPhone
		Release|iPhoneSimulator = Release|iPhoneSimulator
		Debug|iPhone = Debug|iPhone
		Debug|Any CPU = Debug|Any CPU
		Release|Any CPU = Release|Any CPU
	EndGlobalSection
	GlobalSection(ProjectConfigurationPlatforms) = postSolution
		{2BB88743-2D86-4B8E-BABE-51946BA625E6}.Debug|iPhoneSimulator.ActiveCfg = Debug|iPhoneSimulator
		{2BB88743-2D86-4B8E-BABE-51946BA625E6}.Debug|iPhoneSimulator.Build.0 = Debug|iPhoneSimulator
		{2BB88743-2D86-4B8E-BABE-51946BA625E6}.Release|iPhone.ActiveCfg = Release|iPhone
		{2BB88743-2D86-4B8E-BABE-51946BA625E6}.Release|iPhone.Build.0 = Release|iPhone
		{2BB88743-2D86-4B8E-BABE-51946BA625E6}.Release|iPhoneSimulator.ActiveCfg = Release|iPhoneSimulator
		{2BB88743-2D86-4B8E-BABE-51946BA625E6}.Release|iPhoneSimulator.Build.0 = Release|iPhoneSimulator
		{2BB88743-2D86-4B8E-BABE-51946BA625E6}.Debug|iPhone.ActiveCfg = Debug|iPhone
		{2BB88743-2D86-4B8E-BABE-51946BA625E6}.Debug|iPhone.Build.0 = Debug|iPhone
		{2BB88743-2D86-4B8E-BABE-51946BA625E6}.Debug|Any CPU.ActiveCfg = Debug|iPhoneSimulator
		{2BB88743-2D86-4B8E-BABE-51946BA625E6}.Debug|Any CPU.Build.0 = Debug|iPhoneSimulator
		{2BB88743-2D86-4B8E-BABE-51946BA625E6}.Release|Any CPU.ActiveCfg = Release|iPhone
		{2BB88743-2D86-4B8E-BABE-51946BA625E6}.Release|Any CPU.Build.0 = Release|iPhone
		{1FE017EF-2FC0-4C6A-9989-DFA1D8FA0CFC}.Debug|iPhoneSimulator.ActiveCfg = Debug|Any CPU
		{1FE017EF-2FC0-4C6A-9989-DFA1D8FA0CFC}.Debug|iPhoneSimulator.Build.0 = Debug|Any CPU
		{1FE017EF-2FC0-4C6A-9989-DFA1D8FA0CFC}.Release|iPhone.ActiveCfg = Release|Any CPU
		{1FE017EF-2FC0-4C6A-9989-DFA1D8FA0CFC}.Release|iPhone.Build.0 = Release|Any CPU
		{1FE017EF-2FC0-4C6A-9989-DFA1D8FA0CFC}.Release|iPhoneSimulator.ActiveCfg = Release|Any CPU
		{1FE017EF-2FC0-4C6A-9989-DFA1D8FA0CFC}.Release|iPhoneSimulator.Build.0 = Release|Any CPU
		{1FE017EF-2FC0-4C6A-9989-DFA1D8FA0CFC}.Debug|iPhone.ActiveCfg = Debug|Any CPU
		{1FE017EF-2FC0-4C6A-9989-DFA1D8FA0CFC}.Debug|iPhone.Build.0 = Debug|Any CPU
		{1FE017EF-2FC0-4C6A-9989-DFA1D8FA0CFC}.Debug|Any CPU.ActiveCfg = Debug|Any CPU
		{1FE017EF-2FC0-4C6A-9989-DFA1D8FA0CFC}.Debug|Any CPU.Build.0 = Debug|Any CPU
		{1FE017EF-2FC0-4C6A-9989-DFA1D8FA0CFC}.Release|Any CPU.ActiveCfg = Release|Any CPU
		{1FE017EF-2FC0-4C6A-9989-DFA1D8FA0CFC}.Release|Any CPU.Build.0 = Release|Any CPU
	EndGlobalSection
EndGlobal
